// !$*UTF8*$!
{
	archiveVersion = 1;
	classes = {
	};
	objectVersion = 50;
	objects = {

/* Begin PBXBuildFile section */
		896733A6241063EA00B7ED21 /* ListViewController.swift in Sources */ = {isa = PBXBuildFile; fileRef = 896733A5241063EA00B7ED21 /* ListViewController.swift */; };
		896733A8241069EF00B7ED21 /* ListViewController+Cell.swift in Sources */ = {isa = PBXBuildFile; fileRef = 896733A7241069EF00B7ED21 /* ListViewController+Cell.swift */; };
		896733AA24106A7F00B7ED21 /* nobel-prize-laureates.json in Resources */ = {isa = PBXBuildFile; fileRef = 896733A924106A7E00B7ED21 /* nobel-prize-laureates.json */; };
		896733AC24106AD900B7ED21 /* RoutePlanner.swift in Sources */ = {isa = PBXBuildFile; fileRef = 896733AB24106AD900B7ED21 /* RoutePlanner.swift */; };
		896733AE24106C7400B7ED21 /* NobelPrizeLaureate.swift in Sources */ = {isa = PBXBuildFile; fileRef = 896733AD24106C7400B7ED21 /* NobelPrizeLaureate.swift */; };
		896733B02410745E00B7ED21 /* Destination.swift in Sources */ = {isa = PBXBuildFile; fileRef = 896733AF2410745E00B7ED21 /* Destination.swift */; };
		899FD34D240ECB6C00250968 /* AppDelegate.swift in Sources */ = {isa = PBXBuildFile; fileRef = 899FD34C240ECB6C00250968 /* AppDelegate.swift */; };
		899FD34F240ECB6C00250968 /* SceneDelegate.swift in Sources */ = {isa = PBXBuildFile; fileRef = 899FD34E240ECB6C00250968 /* SceneDelegate.swift */; };
		899FD351240ECB6C00250968 /* SearchViewController.swift in Sources */ = {isa = PBXBuildFile; fileRef = 899FD350240ECB6C00250968 /* SearchViewController.swift */; };
		899FD354240ECB6C00250968 /* Main.storyboard in Resources */ = {isa = PBXBuildFile; fileRef = 899FD352240ECB6C00250968 /* Main.storyboard */; };
		899FD356240ECB7100250968 /* Assets.xcassets in Resources */ = {isa = PBXBuildFile; fileRef = 899FD355240ECB7100250968 /* Assets.xcassets */; };
		899FD359240ECB7100250968 /* LaunchScreen.storyboard in Resources */ = {isa = PBXBuildFile; fileRef = 899FD357240ECB7100250968 /* LaunchScreen.storyboard */; };
		899FD363240ED69B00250968 /* DateButton.swift in Sources */ = {isa = PBXBuildFile; fileRef = 899FD362240ED69B00250968 /* DateButton.swift */; };
		899FD365240ED88800250968 /* DatePickerView.swift in Sources */ = {isa = PBXBuildFile; fileRef = 899FD364240ED88800250968 /* DatePickerView.swift */; };
		899FD367240F06A600250968 /* CoordinatesView.swift in Sources */ = {isa = PBXBuildFile; fileRef = 899FD366240F06A600250968 /* CoordinatesView.swift */; };
		899FD369240F28F900250968 /* UIView+Extension.swift in Sources */ = {isa = PBXBuildFile; fileRef = 899FD368240F28F900250968 /* UIView+Extension.swift */; };
		899FD36B240F292300250968 /* CoordinatesView+Coordinate.swift in Sources */ = {isa = PBXBuildFile; fileRef = 899FD36A240F292300250968 /* CoordinatesView+Coordinate.swift */; };
		899FD36D240F31E400250968 /* Constants.swift in Sources */ = {isa = PBXBuildFile; fileRef = 899FD36C240F31E400250968 /* Constants.swift */; };
/* End PBXBuildFile section */

/* Begin PBXFileReference section */
		896733A5241063EA00B7ED21 /* ListViewController.swift */ = {isa = PBXFileReference; lastKnownFileType = sourcecode.swift; path = ListViewController.swift; sourceTree = "<group>"; };
		896733A7241069EF00B7ED21 /* ListViewController+Cell.swift */ = {isa = PBXFileReference; lastKnownFileType = sourcecode.swift; path = "ListViewController+Cell.swift"; sourceTree = "<group>"; };
		896733A924106A7E00B7ED21 /* nobel-prize-laureates.json */ = {isa = PBXFileReference; fileEncoding = 4; lastKnownFileType = text.json; path = "nobel-prize-laureates.json"; sourceTree = "<group>"; };
		896733AB24106AD900B7ED21 /* RoutePlanner.swift */ = {isa = PBXFileReference; lastKnownFileType = sourcecode.swift; path = RoutePlanner.swift; sourceTree = "<group>"; };
		896733AD24106C7400B7ED21 /* NobelPrizeLaureate.swift */ = {isa = PBXFileReference; lastKnownFileType = sourcecode.swift; path = NobelPrizeLaureate.swift; sourceTree = "<group>"; };
		896733AF2410745E00B7ED21 /* Destination.swift */ = {isa = PBXFileReference; lastKnownFileType = sourcecode.swift; path = Destination.swift; sourceTree = "<group>"; };
		899FD349240ECB6C00250968 /* NobelLaureatesFinder.app */ = {isa = PBXFileReference; explicitFileType = wrapper.application; includeInIndex = 0; path = NobelLaureatesFinder.app; sourceTree = BUILT_PRODUCTS_DIR; };
		899FD34C240ECB6C00250968 /* AppDelegate.swift */ = {isa = PBXFileReference; lastKnownFileType = sourcecode.swift; path = AppDelegate.swift; sourceTree = "<group>"; };
		899FD34E240ECB6C00250968 /* SceneDelegate.swift */ = {isa = PBXFileReference; lastKnownFileType = sourcecode.swift; path = SceneDelegate.swift; sourceTree = "<group>"; };
		899FD350240ECB6C00250968 /* SearchViewController.swift */ = {isa = PBXFileReference; lastKnownFileType = sourcecode.swift; path = SearchViewController.swift; sourceTree = "<group>"; };
		899FD353240ECB6C00250968 /* Base */ = {isa = PBXFileReference; lastKnownFileType = file.storyboard; name = Base; path = Base.lproj/Main.storyboard; sourceTree = "<group>"; };
		899FD355240ECB7100250968 /* Assets.xcassets */ = {isa = PBXFileReference; lastKnownFileType = folder.assetcatalog; path = Assets.xcassets; sourceTree = "<group>"; };
		899FD358240ECB7100250968 /* Base */ = {isa = PBXFileReference; lastKnownFileType = file.storyboard; name = Base; path = Base.lproj/LaunchScreen.storyboard; sourceTree = "<group>"; };
		899FD35A240ECB7100250968 /* Info.plist */ = {isa = PBXFileReference; lastKnownFileType = text.plist.xml; path = Info.plist; sourceTree = "<group>"; };
		899FD362240ED69B00250968 /* DateButton.swift */ = {isa = PBXFileReference; lastKnownFileType = sourcecode.swift; path = DateButton.swift; sourceTree = "<group>"; };
		899FD364240ED88800250968 /* DatePickerView.swift */ = {isa = PBXFileReference; lastKnownFileType = sourcecode.swift; path = DatePickerView.swift; sourceTree = "<group>"; };
		899FD366240F06A600250968 /* CoordinatesView.swift */ = {isa = PBXFileReference; lastKnownFileType = sourcecode.swift; path = CoordinatesView.swift; sourceTree = "<group>"; };
		899FD368240F28F900250968 /* UIView+Extension.swift */ = {isa = PBXFileReference; lastKnownFileType = sourcecode.swift; path = "UIView+Extension.swift"; sourceTree = "<group>"; };
		899FD36A240F292300250968 /* CoordinatesView+Coordinate.swift */ = {isa = PBXFileReference; lastKnownFileType = sourcecode.swift; path = "CoordinatesView+Coordinate.swift"; sourceTree = "<group>"; };
		899FD36C240F31E400250968 /* Constants.swift */ = {isa = PBXFileReference; lastKnownFileType = sourcecode.swift; path = Constants.swift; sourceTree = "<group>"; };
/* End PBXFileReference section */

/* Begin PBXFrameworksBuildPhase section */
		899FD346240ECB6C00250968 /* Frameworks */ = {
			isa = PBXFrameworksBuildPhase;
			buildActionMask = 2147483647;
			files = (
			);
			runOnlyForDeploymentPostprocessing = 0;
		};
/* End PBXFrameworksBuildPhase section */

/* Begin PBXGroup section */
		896733B12410749B00B7ED21 /* Search View Controller */ = {
			isa = PBXGroup;
			children = (
				899FD350240ECB6C00250968 /* SearchViewController.swift */,
				896733A5241063EA00B7ED21 /* ListViewController.swift */,
				896733A7241069EF00B7ED21 /* ListViewController+Cell.swift */,
				899FD362240ED69B00250968 /* DateButton.swift */,
				899FD364240ED88800250968 /* DatePickerView.swift */,
				899FD366240F06A600250968 /* CoordinatesView.swift */,
				899FD36A240F292300250968 /* CoordinatesView+Coordinate.swift */,
			);
			path = "Search View Controller";
			sourceTree = "<group>";
		};
		896733B2241074B100B7ED21 /* Route Planner */ = {
			isa = PBXGroup;
			children = (
				896733AB24106AD900B7ED21 /* RoutePlanner.swift */,
				896733AF2410745E00B7ED21 /* Destination.swift */,
				896733A924106A7E00B7ED21 /* nobel-prize-laureates.json */,
				896733AD24106C7400B7ED21 /* NobelPrizeLaureate.swift */,
			);
			path = "Route Planner";
			sourceTree = "<group>";
		};
		896733B3241074B800B7ED21 /* Helpers */ = {
			isa = PBXGroup;
			children = (
				899FD36C240F31E400250968 /* Constants.swift */,
				899FD368240F28F900250968 /* UIView+Extension.swift */,
			);
			path = Helpers;
			sourceTree = "<group>";
		};
		899FD340240ECB6C00250968 = {
			isa = PBXGroup;
			children = (
				899FD34B240ECB6C00250968 /* NobelLaureatesFinder */,
				899FD34A240ECB6C00250968 /* Products */,
			);
			sourceTree = "<group>";
		};
		899FD34A240ECB6C00250968 /* Products */ = {
			isa = PBXGroup;
			children = (
				899FD349240ECB6C00250968 /* NobelLaureatesFinder.app */,
			);
			name = Products;
			sourceTree = "<group>";
		};
		899FD34B240ECB6C00250968 /* NobelLaureatesFinder */ = {
			isa = PBXGroup;
			children = (
				896733B12410749B00B7ED21 /* Search View Controller */,
				896733B2241074B100B7ED21 /* Route Planner */,
				896733B3241074B800B7ED21 /* Helpers */,
				899FD34C240ECB6C00250968 /* AppDelegate.swift */,
				899FD34E240ECB6C00250968 /* SceneDelegate.swift */,
				899FD352240ECB6C00250968 /* Main.storyboard */,
				899FD355240ECB7100250968 /* Assets.xcassets */,
				899FD357240ECB7100250968 /* LaunchScreen.storyboard */,
				899FD35A240ECB7100250968 /* Info.plist */,
			);
			path = NobelLaureatesFinder;
			sourceTree = "<group>";
		};
/* End PBXGroup section */

/* Begin PBXNativeTarget section */
		899FD348240ECB6C00250968 /* NobelLaureatesFinder */ = {
			isa = PBXNativeTarget;
			buildConfigurationList = 899FD35D240ECB7100250968 /* Build configuration list for PBXNativeTarget "NobelLaureatesFinder" */;
			buildPhases = (
				899FD345240ECB6C00250968 /* Sources */,
				899FD346240ECB6C00250968 /* Frameworks */,
				899FD347240ECB6C00250968 /* Resources */,
			);
			buildRules = (
			);
			dependencies = (
			);
			name = NobelLaureatesFinder;
			productName = NobelLaureatesFinder;
			productReference = 899FD349240ECB6C00250968 /* NobelLaureatesFinder.app */;
			productType = "com.apple.product-type.application";
		};
/* End PBXNativeTarget section */

/* Begin PBXProject section */
		899FD341240ECB6C00250968 /* Project object */ = {
			isa = PBXProject;
			attributes = {
				LastSwiftUpdateCheck = 1130;
				LastUpgradeCheck = 1130;
				ORGANIZATIONNAME = "Kristina Gelzinyte";
				TargetAttributes = {
					899FD348240ECB6C00250968 = {
						CreatedOnToolsVersion = 11.3.1;
					};
				};
			};
			buildConfigurationList = 899FD344240ECB6C00250968 /* Build configuration list for PBXProject "NobelLaureatesFinder" */;
			compatibilityVersion = "Xcode 9.3";
			developmentRegion = en;
			hasScannedForEncodings = 0;
			knownRegions = (
				en,
				Base,
			);
			mainGroup = 899FD340240ECB6C00250968;
			productRefGroup = 899FD34A240ECB6C00250968 /* Products */;
			projectDirPath = "";
			projectRoot = "";
			targets = (
				899FD348240ECB6C00250968 /* NobelLaureatesFinder */,
			);
		};
/* End PBXProject section */

/* Begin PBXResourcesBuildPhase section */
		899FD347240ECB6C00250968 /* Resources */ = {
			isa = PBXResourcesBuildPhase;
			buildActionMask = 2147483647;
			files = (
				896733AA24106A7F00B7ED21 /* nobel-prize-laureates.json in Resources */,
				899FD359240ECB7100250968 /* LaunchScreen.storyboard in Resources */,
				899FD356240ECB7100250968 /* Assets.xcassets in Resources */,
				899FD354240ECB6C00250968 /* Main.storyboard in Resources */,
			);
			runOnlyForDeploymentPostprocessing = 0;
		};
/* End PBXResourcesBuildPhase section */

/* Begin PBXSourcesBuildPhase section */
		899FD345240ECB6C00250968 /* Sources */ = {
			isa = PBXSourcesBuildPhase;
			buildActionMask = 2147483647;
			files = (
				899FD36B240F292300250968 /* CoordinatesView+Coordinate.swift in Sources */,
				899FD365240ED88800250968 /* DatePickerView.swift in Sources */,
				899FD367240F06A600250968 /* CoordinatesView.swift in Sources */,
				899FD369240F28F900250968 /* UIView+Extension.swift in Sources */,
				899FD36D240F31E400250968 /* Constants.swift in Sources */,
				896733A8241069EF00B7ED21 /* ListViewController+Cell.swift in Sources */,
				896733B02410745E00B7ED21 /* Destination.swift in Sources */,
				899FD351240ECB6C00250968 /* SearchViewController.swift in Sources */,
				899FD34D240ECB6C00250968 /* AppDelegate.swift in Sources */,
				896733AC24106AD900B7ED21 /* RoutePlanner.swift in Sources */,
				899FD34F240ECB6C00250968 /* SceneDelegate.swift in Sources */,
				896733AE24106C7400B7ED21 /* NobelPrizeLaureate.swift in Sources */,
				896733A6241063EA00B7ED21 /* ListViewController.swift in Sources */,
				899FD363240ED69B00250968 /* DateButton.swift in Sources */,
			);
			runOnlyForDeploymentPostprocessing = 0;
		};
/* End PBXSourcesBuildPhase section */

/* Begin PBXVariantGroup section */
		899FD352240ECB6C00250968 /* Main.storyboard */ = {
			isa = PBXVariantGroup;
			children = (
				899FD353240ECB6C00250968 /* Base */,
			);
			name = Main.storyboard;
			sourceTree = "<group>";
		};
		899FD357240ECB7100250968 /* LaunchScreen.storyboard */ = {
			isa = PBXVariantGroup;
			children = (
				899FD358240ECB7100250968 /* Base */,
			);
			name = LaunchScreen.storyboard;
			sourceTree = "<group>";
		};
/* End PBXVariantGroup section */

/* Begin XCBuildConfiguration section */
		899FD35B240ECB7100250968 /* Debug */ = {
			isa = XCBuildConfiguration;
			buildSettings = {
				ALWAYS_SEARCH_USER_PATHS = NO;
				CLANG_ANALYZER_NONNULL = YES;
				CLANG_ANALYZER_NUMBER_OBJECT_CONVERSION = YES_AGGRESSIVE;
				CLANG_CXX_LANGUAGE_STANDARD = "gnu++14";
				CLANG_CXX_LIBRARY = "libc++";
				CLANG_ENABLE_MODULES = YES;
				CLANG_ENABLE_OBJC_ARC = YES;
				CLANG_ENABLE_OBJC_WEAK = YES;
				CLANG_WARN_BLOCK_CAPTURE_AUTORELEASING = YES;
				CLANG_WARN_BOOL_CONVERSION = YES;
				CLANG_WARN_COMMA = YES;
				CLANG_WARN_CONSTANT_CONVERSION = YES;
				CLANG_WARN_DEPRECATED_OBJC_IMPLEMENTATIONS = YES;
				CLANG_WARN_DIRECT_OBJC_ISA_USAGE = YES_ERROR;
				CLANG_WARN_DOCUMENTATION_COMMENTS = YES;
				CLANG_WARN_EMPTY_BODY = YES;
				CLANG_WARN_ENUM_CONVERSION = YES;
				CLANG_WARN_INFINITE_RECURSION = YES;
				CLANG_WARN_INT_CONVERSION = YES;
				CLANG_WARN_NON_LITERAL_NULL_CONVERSION = YES;
				CLANG_WARN_OBJC_IMPLICIT_RETAIN_SELF = YES;
				CLANG_WARN_OBJC_LITERAL_CONVERSION = YES;
				CLANG_WARN_OBJC_ROOT_CLASS = YES_ERROR;
				CLANG_WARN_RANGE_LOOP_ANALYSIS = YES;
				CLANG_WARN_STRICT_PROTOTYPES = YES;
				CLANG_WARN_SUSPICIOUS_MOVE = YES;
				CLANG_WARN_UNGUARDED_AVAILABILITY = YES_AGGRESSIVE;
				CLANG_WARN_UNREACHABLE_CODE = YES;
				CLANG_WARN__DUPLICATE_METHOD_MATCH = YES;
				COPY_PHASE_STRIP = NO;
				DEBUG_INFORMATION_FORMAT = dwarf;
				ENABLE_STRICT_OBJC_MSGSEND = YES;
				ENABLE_TESTABILITY = YES;
				GCC_C_LANGUAGE_STANDARD = gnu11;
				GCC_DYNAMIC_NO_PIC = NO;
				GCC_NO_COMMON_BLOCKS = YES;
				GCC_OPTIMIZATION_LEVEL = 0;
				GCC_PREPROCESSOR_DEFINITIONS = (
					"DEBUG=1",
					"$(inherited)",
				);
				GCC_WARN_64_TO_32_BIT_CONVERSION = YES;
				GCC_WARN_ABOUT_RETURN_TYPE = YES_ERROR;
				GCC_WARN_UNDECLARED_SELECTOR = YES;
				GCC_WARN_UNINITIALIZED_AUTOS = YES_AGGRESSIVE;
				GCC_WARN_UNUSED_FUNCTION = YES;
				GCC_WARN_UNUSED_VARIABLE = YES;
				IPHONEOS_DEPLOYMENT_TARGET = 13.2;
				MTL_ENABLE_DEBUG_INFO = INCLUDE_SOURCE;
				MTL_FAST_MATH = YES;
				ONLY_ACTIVE_ARCH = YES;
				SDKROOT = iphoneos;
				SWIFT_ACTIVE_COMPILATION_CONDITIONS = DEBUG;
				SWIFT_OPTIMIZATION_LEVEL = "-Onone";
			};
			name = Debug;
		};
		899FD35C240ECB7100250968 /* Release */ = {
			isa = XCBuildConfiguration;
			buildSettings = {
				ALWAYS_SEARCH_USER_PATHS = NO;
				CLANG_ANALYZER_NONNULL = YES;
				CLANG_ANALYZER_NUMBER_OBJECT_CONVERSION = YES_AGGRESSIVE;
				CLANG_CXX_LANGUAGE_STANDARD = "gnu++14";
				CLANG_CXX_LIBRARY = "libc++";
				CLANG_ENABLE_MODULES = YES;
				CLANG_ENABLE_OBJC_ARC = YES;
				CLANG_ENABLE_OBJC_WEAK = YES;
				CLANG_WARN_BLOCK_CAPTURE_AUTORELEASING = YES;
				CLANG_WARN_BOOL_CONVERSION = YES;
				CLANG_WARN_COMMA = YES;
				CLANG_WARN_CONSTANT_CONVERSION = YES;
				CLANG_WARN_DEPRECATED_OBJC_IMPLEMENTATIONS = YES;
				CLANG_WARN_DIRECT_OBJC_ISA_USAGE = YES_ERROR;
				CLANG_WARN_DOCUMENTATION_COMMENTS = YES;
				CLANG_WARN_EMPTY_BODY = YES;
				CLANG_WARN_ENUM_CONVERSION = YES;
				CLANG_WARN_INFINITE_RECURSION = YES;
				CLANG_WARN_INT_CONVERSION = YES;
				CLANG_WARN_NON_LITERAL_NULL_CONVERSION = YES;
				CLANG_WARN_OBJC_IMPLICIT_RETAIN_SELF = YES;
				CLANG_WARN_OBJC_LITERAL_CONVERSION = YES;
				CLANG_WARN_OBJC_ROOT_CLASS = YES_ERROR;
				CLANG_WARN_RANGE_LOOP_ANALYSIS = YES;
				CLANG_WARN_STRICT_PROTOTYPES = YES;
				CLANG_WARN_SUSPICIOUS_MOVE = YES;
				CLANG_WARN_UNGUARDED_AVAILABILITY = YES_AGGRESSIVE;
				CLANG_WARN_UNREACHABLE_CODE = YES;
				CLANG_WARN__DUPLICATE_METHOD_MATCH = YES;
				COPY_PHASE_STRIP = NO;
				DEBUG_INFORMATION_FORMAT = "dwarf-with-dsym";
				ENABLE_NS_ASSERTIONS = NO;
				ENABLE_STRICT_OBJC_MSGSEND = YES;
				GCC_C_LANGUAGE_STANDARD = gnu11;
				GCC_NO_COMMON_BLOCKS = YES;
				GCC_WARN_64_TO_32_BIT_CONVERSION = YES;
				GCC_WARN_ABOUT_RETURN_TYPE = YES_ERROR;
				GCC_WARN_UNDECLARED_SELECTOR = YES;
				GCC_WARN_UNINITIALIZED_AUTOS = YES_AGGRESSIVE;
				GCC_WARN_UNUSED_FUNCTION = YES;
				GCC_WARN_UNUSED_VARIABLE = YES;
				IPHONEOS_DEPLOYMENT_TARGET = 13.2;
				MTL_ENABLE_DEBUG_INFO = NO;
				MTL_FAST_MATH = YES;
				SDKROOT = iphoneos;
				SWIFT_COMPILATION_MODE = wholemodule;
				SWIFT_OPTIMIZATION_LEVEL = "-O";
				VALIDATE_PRODUCT = YES;
			};
			name = Release;
		};
		899FD35E240ECB7100250968 /* Debug */ = {
			isa = XCBuildConfiguration;
			buildSettings = {
				ASSETCATALOG_COMPILER_APPICON_NAME = AppIcon;
				CODE_SIGN_STYLE = Automatic;
				DEVELOPMENT_TEAM = PJ8U3CQ43A;
				INFOPLIST_FILE = NobelLaureatesFinder/Info.plist;
				LD_RUNPATH_SEARCH_PATHS = (
					"$(inherited)",
					"@executable_path/Frameworks",
				);
				PRODUCT_BUNDLE_IDENTIFIER = KG.NobelLaureatesFinder;
				PRODUCT_NAME = "$(TARGET_NAME)";
				SWIFT_VERSION = 5.0;
				TARGETED_DEVICE_FAMILY = "1,2";
			};
			name = Debug;
		};
		899FD35F240ECB7100250968 /* Release */ = {
			isa = XCBuildConfiguration;
			buildSettings = {
				ASSETCATALOG_COMPILER_APPICON_NAME = AppIcon;
				CODE_SIGN_STYLE = Automatic;
				DEVELOPMENT_TEAM = PJ8U3CQ43A;
				INFOPLIST_FILE = NobelLaureatesFinder/Info.plist;
				LD_RUNPATH_SEARCH_PATHS = (
					"$(inherited)",
					"@executable_path/Frameworks",
				);
				PRODUCT_BUNDLE_IDENTIFIER = KG.NobelLaureatesFinder;
				PRODUCT_NAME = "$(TARGET_NAME)";
				SWIFT_VERSION = 5.0;
				TARGETED_DEVICE_FAMILY = "1,2";
			};
			name = Release;
		};
/* End XCBuildConfiguration section */

/* Begin XCConfigurationList section */
		899FD344240ECB6C00250968 /* Build configuration list for PBXProject "NobelLaureatesFinder" */ = {
			isa = XCConfigurationList;
			buildConfigurations = (
				899FD35B240ECB7100250968 /* Debug */,
				899FD35C240ECB7100250968 /* Release */,
			);
			defaultConfigurationIsVisible = 0;
			defaultConfigurationName = Release;
		};
		899FD35D240ECB7100250968 /* Build configuration list for PBXNativeTarget "NobelLaureatesFinder" */ = {
			isa = XCConfigurationList;
			buildConfigurations = (
				899FD35E240ECB7100250968 /* Debug */,
				899FD35F240ECB7100250968 /* Release */,
			);
			defaultConfigurationIsVisible = 0;
			defaultConfigurationName = Release;
		};
/* End XCConfigurationList section */
	};
	rootObject = 899FD341240ECB6C00250968 /* Project object */;
}
